
Microsoft Visual Studio Solution File, Format Version 12.00
# Visual Studio Version 17
VisualStudioVersion = 17.5.33530.505
MinimumVisualStudioVersion = 10.0.40219.1
Project("{2150E333-8FDC-42A3-9474-1A3956D46DE8}") = "_", "_", "{FB8ADCFE-9A76-463C-AECC-62553DECF308}"
	ProjectSection(SolutionItems) = preProject
		.codacy.yml = .codacy.yml
		.editorconfig = .editorconfig
		.gitignore = .gitignore
		CODE_OF_CONDUCT.md = CODE_OF_CONDUCT.md
		CONTRIBUTING.md = CONTRIBUTING.md
		LICENSE = LICENSE
		nuget.config = nuget.config
		README.md = README.md
	EndProjectSection
EndProject
Project("{2150E333-8FDC-42A3-9474-1A3956D46DE8}") = "Tests", "Tests", "{E08785BF-6C98-4CAC-BFC2-BBB79B522DD6}"
EndProject
Project("{2150E333-8FDC-42A3-9474-1A3956D46DE8}") = "Source", "Source", "{345ED30C-84EE-42EC-B44A-6115D4508B4D}"
	ProjectSection(SolutionItems) = preProject
		Source\Directory.Build.props = Source\Directory.Build.props
	EndProjectSection
EndProject
Project("{2150E333-8FDC-42A3-9474-1A3956D46DE8}") = "Tests", "Tests", "{7D94B2A0-9ED6-4186-9635-64637C55556F}"
	ProjectSection(SolutionItems) = preProject
		Tests\Directory.Build.props = Tests\Directory.Build.props
	EndProjectSection
EndProject
Project("{2150E333-8FDC-42A3-9474-1A3956D46DE8}") = ".github", ".github", "{5F53E3C1-216C-4948-B5D6-1E96170CD083}"
EndProject
Project("{2150E333-8FDC-42A3-9474-1A3956D46DE8}") = "workflows", "workflows", "{61D8BE6C-D930-4B4F-ABA2-586F73ACC2B8}"
	ProjectSection(SolutionItems) = preProject
		.github\workflows\build.yml = .github\workflows\build.yml
		.github\workflows\ci.yml = .github\workflows\ci.yml
		.github\workflows\test-report.yml = .github\workflows\test-report.yml
	EndProjectSection
EndProject
Project("{2150E333-8FDC-42A3-9474-1A3956D46DE8}") = "stryker", "stryker", "{CC17C3DF-BF07-4C00-A4C1-9C61A66283F8}"
	ProjectSection(SolutionItems) = preProject
		.github\stryker\Stryker.CI.Config.json = .github\stryker\Stryker.CI.Config.json
		.github\stryker\Stryker.Config.json = .github\stryker\Stryker.Config.json
	EndProjectSection
EndProject
Project("{2150E333-8FDC-42A3-9474-1A3956D46DE8}") = "TestFrameworks", "TestFrameworks", "{93C35842-4266-467E-AE87-3E91F83D5DDD}"
EndProject
Project("{2150E333-8FDC-42A3-9474-1A3956D46DE8}") = "TestFrameworks", "TestFrameworks", "{7B19CA1F-23D0-437C-948A-DCEF7120FDDD}"
	ProjectSection(SolutionItems) = preProject
		Tests\TestFrameworks\Directory.Build.props = Tests\TestFrameworks\Directory.Build.props
	EndProjectSection
EndProject
Project("{9A19103F-16F7-4668-BE54-9A1E7A4F7556}") = "Testably.Expectations", "Source\Testably.Expectations\Testably.Expectations.csproj", "{401EAFD1-B29B-4C3A-BC5F-F44C654C3D06}"
EndProject
Project("{9A19103F-16F7-4668-BE54-9A1E7A4F7556}") = "Testably.Expectations.Tests", "Tests\Testably.Expectations.Tests\Testably.Expectations.Tests.csproj", "{78D5E43B-EE46-47F2-8091-F4D76A3E2D98}"
	ProjectSection(ProjectDependencies) = postProject
		{8BCA1B9C-5687-4F5A-8F7F-F6270D12B83B} = {8BCA1B9C-5687-4F5A-8F7F-F6270D12B83B}
	EndProjectSection
EndProject
Project("{9A19103F-16F7-4668-BE54-9A1E7A4F7556}") = "TestFramework.XUnit2.Tests", "Tests\TestFrameworks\TestFramework.XUnit2.Tests\TestFramework.XUnit2.Tests.csproj", "{233D3137-C6C6-4F1C-9A09-0EAF3D848979}"
EndProject
Project("{9A19103F-16F7-4668-BE54-9A1E7A4F7556}") = "TestFramework.NUnit3.Tests", "Tests\TestFrameworks\TestFramework.NUnit3.Tests\TestFramework.NUnit3.Tests.csproj", "{4913DD7C-18AC-402C-9A6D-27D5EA797AD3}"
EndProject
Project("{9A19103F-16F7-4668-BE54-9A1E7A4F7556}") = "TestFramework.NUnit4.Tests", "Tests\TestFrameworks\TestFramework.NUnit4.Tests\TestFramework.NUnit4.Tests.csproj", "{9B940AB8-47CE-46C9-90D7-2866E280441A}"
EndProject
Project("{9A19103F-16F7-4668-BE54-9A1E7A4F7556}") = "TestFramework.FallbackTest", "Tests\TestFrameworks\TestFramework.FallbackTest\TestFramework.FallbackTest.csproj", "{8BCA1B9C-5687-4F5A-8F7F-F6270D12B83B}"
EndProject
Project("{FAE04EC0-301F-11D3-BF4B-00C04F79EFBC}") = "TestFramework.TUnit.Tests", "Tests\TestFrameworks\TestFramework.TUnit.Tests\TestFramework.TUnit.Tests.csproj", "{00855432-F973-4823-9F57-BC3FE53F5D9D}"
EndProject
Project("{2150E333-8FDC-42A3-9474-1A3956D46DE8}") = "API", "API", "{81590DC1-DAC3-41B9-8696-2024E31F493A}"
EndProject
Project("{FAE04EC0-301F-11D3-BF4B-00C04F79EFBC}") = "Testably.Expectations.Api.Tests", "Tests\Api\Testably.Expectations.Api.Tests\Testably.Expectations.Api.Tests.csproj", "{E5E419DE-412D-4E44-8C6B-BA324DFCAE4A}"
EndProject
Project("{2150E333-8FDC-42A3-9474-1A3956D46DE8}") = "API", "API", "{8E66A739-A8B3-45D7-A69E-36F0231C5E24}"
	ProjectSection(SolutionItems) = preProject
		Tests\Api\Directory.Build.props = Tests\Api\Directory.Build.props
	EndProjectSection
EndProject
Project("{FAE04EC0-301F-11D3-BF4B-00C04F79EFBC}") = "Testably.Expectations.Internal.Tests", "Tests\Testably.Expectations.Internal.Tests\Testably.Expectations.Internal.Tests.csproj", "{0A57A213-E281-4B92-8005-E242DD34B04E}"
EndProject
Project("{FAE04EC0-301F-11D3-BF4B-00C04F79EFBC}") = "Testably.Expectations.Benchmarks", "Tests\Testably.Expectations.Benchmarks\Testably.Expectations.Benchmarks.csproj", "{CEA70C41-62D0-406C-9A17-5578A54E93CA}"
EndProject
Project("{2150E333-8FDC-42A3-9474-1A3956D46DE8}") = "Docs", "Docs", "{1D3A4B41-DC42-43EC-92A7-2C60808D94A8}"
	ProjectSection(SolutionItems) = preProject
		Docs\Benchmarks\index.html = Docs\Benchmarks\index.html
	EndProjectSection
EndProject
Project("{2150E333-8FDC-42A3-9474-1A3956D46DE8}") = "Benchmarks", "Benchmarks", "{FB570B33-3A36-4B4E-831C-39AACF4AFF81}"
	ProjectSection(SolutionItems) = preProject
		Docs\Benchmarks\data.js = Docs\Benchmarks\data.js
	EndProjectSection
EndProject
Global
	GlobalSection(SolutionConfigurationPlatforms) = preSolution
		Debug|Any CPU = Debug|Any CPU
		Release|Any CPU = Release|Any CPU
	EndGlobalSection
	GlobalSection(ProjectConfigurationPlatforms) = postSolution
		{401EAFD1-B29B-4C3A-BC5F-F44C654C3D06}.Debug|Any CPU.ActiveCfg = Debug|Any CPU
		{401EAFD1-B29B-4C3A-BC5F-F44C654C3D06}.Debug|Any CPU.Build.0 = Debug|Any CPU
		{401EAFD1-B29B-4C3A-BC5F-F44C654C3D06}.Release|Any CPU.ActiveCfg = Release|Any CPU
		{401EAFD1-B29B-4C3A-BC5F-F44C654C3D06}.Release|Any CPU.Build.0 = Release|Any CPU
		{78D5E43B-EE46-47F2-8091-F4D76A3E2D98}.Debug|Any CPU.ActiveCfg = Debug|Any CPU
		{78D5E43B-EE46-47F2-8091-F4D76A3E2D98}.Debug|Any CPU.Build.0 = Debug|Any CPU
		{78D5E43B-EE46-47F2-8091-F4D76A3E2D98}.Release|Any CPU.ActiveCfg = Release|Any CPU
		{78D5E43B-EE46-47F2-8091-F4D76A3E2D98}.Release|Any CPU.Build.0 = Release|Any CPU
		{233D3137-C6C6-4F1C-9A09-0EAF3D848979}.Debug|Any CPU.ActiveCfg = Debug|Any CPU
		{233D3137-C6C6-4F1C-9A09-0EAF3D848979}.Debug|Any CPU.Build.0 = Debug|Any CPU
		{233D3137-C6C6-4F1C-9A09-0EAF3D848979}.Release|Any CPU.ActiveCfg = Release|Any CPU
		{233D3137-C6C6-4F1C-9A09-0EAF3D848979}.Release|Any CPU.Build.0 = Release|Any CPU
		{4913DD7C-18AC-402C-9A6D-27D5EA797AD3}.Debug|Any CPU.ActiveCfg = Debug|Any CPU
		{4913DD7C-18AC-402C-9A6D-27D5EA797AD3}.Debug|Any CPU.Build.0 = Debug|Any CPU
		{4913DD7C-18AC-402C-9A6D-27D5EA797AD3}.Release|Any CPU.ActiveCfg = Release|Any CPU
		{4913DD7C-18AC-402C-9A6D-27D5EA797AD3}.Release|Any CPU.Build.0 = Release|Any CPU
		{9B940AB8-47CE-46C9-90D7-2866E280441A}.Debug|Any CPU.ActiveCfg = Debug|Any CPU
		{9B940AB8-47CE-46C9-90D7-2866E280441A}.Debug|Any CPU.Build.0 = Debug|Any CPU
		{9B940AB8-47CE-46C9-90D7-2866E280441A}.Release|Any CPU.ActiveCfg = Release|Any CPU
		{9B940AB8-47CE-46C9-90D7-2866E280441A}.Release|Any CPU.Build.0 = Release|Any CPU
		{8BCA1B9C-5687-4F5A-8F7F-F6270D12B83B}.Debug|Any CPU.ActiveCfg = Debug|Any CPU
		{8BCA1B9C-5687-4F5A-8F7F-F6270D12B83B}.Debug|Any CPU.Build.0 = Debug|Any CPU
		{8BCA1B9C-5687-4F5A-8F7F-F6270D12B83B}.Release|Any CPU.ActiveCfg = Release|Any CPU
		{8BCA1B9C-5687-4F5A-8F7F-F6270D12B83B}.Release|Any CPU.Build.0 = Release|Any CPU
		{00855432-F973-4823-9F57-BC3FE53F5D9D}.Debug|Any CPU.ActiveCfg = Debug|Any CPU
		{00855432-F973-4823-9F57-BC3FE53F5D9D}.Debug|Any CPU.Build.0 = Debug|Any CPU
		{00855432-F973-4823-9F57-BC3FE53F5D9D}.Release|Any CPU.ActiveCfg = Release|Any CPU
		{00855432-F973-4823-9F57-BC3FE53F5D9D}.Release|Any CPU.Build.0 = Release|Any CPU
		{E5E419DE-412D-4E44-8C6B-BA324DFCAE4A}.Debug|Any CPU.ActiveCfg = Debug|Any CPU
		{E5E419DE-412D-4E44-8C6B-BA324DFCAE4A}.Debug|Any CPU.Build.0 = Debug|Any CPU
		{E5E419DE-412D-4E44-8C6B-BA324DFCAE4A}.Release|Any CPU.ActiveCfg = Release|Any CPU
		{E5E419DE-412D-4E44-8C6B-BA324DFCAE4A}.Release|Any CPU.Build.0 = Release|Any CPU
		{0A57A213-E281-4B92-8005-E242DD34B04E}.Debug|Any CPU.ActiveCfg = Debug|Any CPU
		{0A57A213-E281-4B92-8005-E242DD34B04E}.Debug|Any CPU.Build.0 = Debug|Any CPU
		{0A57A213-E281-4B92-8005-E242DD34B04E}.Release|Any CPU.ActiveCfg = Release|Any CPU
		{0A57A213-E281-4B92-8005-E242DD34B04E}.Release|Any CPU.Build.0 = Release|Any CPU
		{CEA70C41-62D0-406C-9A17-5578A54E93CA}.Debug|Any CPU.ActiveCfg = Release|Any CPU
		{CEA70C41-62D0-406C-9A17-5578A54E93CA}.Debug|Any CPU.Build.0 = Release|Any CPU
		{CEA70C41-62D0-406C-9A17-5578A54E93CA}.Release|Any CPU.ActiveCfg = Release|Any CPU
		{CEA70C41-62D0-406C-9A17-5578A54E93CA}.Release|Any CPU.Build.0 = Release|Any CPU
	EndGlobalSection
	GlobalSection(SolutionProperties) = preSolution
		HideSolutionNode = FALSE
	EndGlobalSection
	GlobalSection(NestedProjects) = preSolution
		{345ED30C-84EE-42EC-B44A-6115D4508B4D} = {FB8ADCFE-9A76-463C-AECC-62553DECF308}
		{7D94B2A0-9ED6-4186-9635-64637C55556F} = {FB8ADCFE-9A76-463C-AECC-62553DECF308}
		{5F53E3C1-216C-4948-B5D6-1E96170CD083} = {FB8ADCFE-9A76-463C-AECC-62553DECF308}
		{61D8BE6C-D930-4B4F-ABA2-586F73ACC2B8} = {5F53E3C1-216C-4948-B5D6-1E96170CD083}
		{CC17C3DF-BF07-4C00-A4C1-9C61A66283F8} = {5F53E3C1-216C-4948-B5D6-1E96170CD083}
		{93C35842-4266-467E-AE87-3E91F83D5DDD} = {E08785BF-6C98-4CAC-BFC2-BBB79B522DD6}
		{7B19CA1F-23D0-437C-948A-DCEF7120FDDD} = {7D94B2A0-9ED6-4186-9635-64637C55556F}
		{78D5E43B-EE46-47F2-8091-F4D76A3E2D98} = {E08785BF-6C98-4CAC-BFC2-BBB79B522DD6}
		{233D3137-C6C6-4F1C-9A09-0EAF3D848979} = {93C35842-4266-467E-AE87-3E91F83D5DDD}
		{4913DD7C-18AC-402C-9A6D-27D5EA797AD3} = {93C35842-4266-467E-AE87-3E91F83D5DDD}
		{9B940AB8-47CE-46C9-90D7-2866E280441A} = {93C35842-4266-467E-AE87-3E91F83D5DDD}
		{8BCA1B9C-5687-4F5A-8F7F-F6270D12B83B} = {93C35842-4266-467E-AE87-3E91F83D5DDD}
		{00855432-F973-4823-9F57-BC3FE53F5D9D} = {93C35842-4266-467E-AE87-3E91F83D5DDD}
		{81590DC1-DAC3-41B9-8696-2024E31F493A} = {E08785BF-6C98-4CAC-BFC2-BBB79B522DD6}
		{E5E419DE-412D-4E44-8C6B-BA324DFCAE4A} = {81590DC1-DAC3-41B9-8696-2024E31F493A}
		{8E66A739-A8B3-45D7-A69E-36F0231C5E24} = {7D94B2A0-9ED6-4186-9635-64637C55556F}
		{0A57A213-E281-4B92-8005-E242DD34B04E} = {E08785BF-6C98-4CAC-BFC2-BBB79B522DD6}
		{CEA70C41-62D0-406C-9A17-5578A54E93CA} = {E08785BF-6C98-4CAC-BFC2-BBB79B522DD6}
		{1D3A4B41-DC42-43EC-92A7-2C60808D94A8} = {FB8ADCFE-9A76-463C-AECC-62553DECF308}
		{FB570B33-3A36-4B4E-831C-39AACF4AFF81} = {1D3A4B41-DC42-43EC-92A7-2C60808D94A8}
	EndGlobalSection
	GlobalSection(ExtensibilityGlobals) = postSolution
		SolutionGuid = {65C0CC2C-5F10-4F18-9057-176DC70833FA}
	EndGlobalSection
EndGlobal
